
Microsoft Visual Studio Solution File, Format Version 12.00
# Visual Studio Version 16
VisualStudioVersion = 16.0.30413.136
MinimumVisualStudioVersion = 10.0.40219.1
Project("{888888A0-9F3D-457C-B088-3A5042F75D52}") = "KristinaPilipetsApp", "KristinaPilipetsApp.pyproj", "{26670F18-AE79-48C3-B7A7-482AECFC51A8}"
EndProject
Global
	GlobalSection(SolutionConfigurationPlatforms) = preSolution
		Debug|Any CPU = Debug|Any CPU
		Release|Any CPU = Release|Any CPU
	EndGlobalSection
	GlobalSection(ProjectConfigurationPlatforms) = postSolution
		{26670F18-AE79-48C3-B7A7-482AECFC51A8}.Debug|Any CPU.ActiveCfg = Debug|Any CPU
		{26670F18-AE79-48C3-B7A7-482AECFC51A8}.Release|Any CPU.ActiveCfg = Release|Any CPU
	EndGlobalSection
	GlobalSection(SolutionProperties) = preSolution
		HideSolutionNode = FALSE
	EndGlobalSection
	GlobalSection(ExtensibilityGlobals) = postSolution
		SolutionGuid = {08E66D5E-80EC-4D2A-8A1F-398F7FCE43B6}
	EndGlobalSection
EndGlobal
