
Microsoft Visual Studio Solution File, Format Version 12.00
# Visual Studio Version 16
VisualStudioVersion = 16.0.30413.136
MinimumVisualStudioVersion = 10.0.40219.1
Project("{888888A0-9F3D-457C-B088-3A5042F75D52}") = "workDEF", "workDEF.pyproj", "{6578ED7A-9CDE-4B40-A22A-9A8BEAAED01B}"
EndProject
Global
	GlobalSection(SolutionConfigurationPlatforms) = preSolution
		Debug|Any CPU = Debug|Any CPU
		Release|Any CPU = Release|Any CPU
	EndGlobalSection
	GlobalSection(ProjectConfigurationPlatforms) = postSolution
		{6578ED7A-9CDE-4B40-A22A-9A8BEAAED01B}.Debug|Any CPU.ActiveCfg = Debug|Any CPU
		{6578ED7A-9CDE-4B40-A22A-9A8BEAAED01B}.Release|Any CPU.ActiveCfg = Release|Any CPU
	EndGlobalSection
	GlobalSection(SolutionProperties) = preSolution
		HideSolutionNode = FALSE
	EndGlobalSection
	GlobalSection(ExtensibilityGlobals) = postSolution
		SolutionGuid = {1D2902EF-EE85-4950-A6F5-972DE2CA6186}
	EndGlobalSection
EndGlobal
